
Microsoft Visual Studio Solution File, Format Version 12.00
# Visual Studio Version 17
VisualStudioVersion = 17.0.31903.59
MinimumVisualStudioVersion = 10.0.40219.1
Project("{2150E333-8FDC-42A3-9474-1A3956D46DE8}") = "src", "src", "{0C2A087D-BEFF-4A04-A00F-68D07001011E}"
EndProject
Project("{FAE04EC0-301F-11D3-BF4B-00C04F79EFBC}") = "Costasdev.Uuidv7", "src\Costasdev.Uuidv7\Costasdev.Uuidv7.csproj", "{068E76E0-0C85-4195-821D-DC12879C7F66}"
EndProject
Global
	GlobalSection(SolutionConfigurationPlatforms) = preSolution
		Debug|Any CPU = Debug|Any CPU
		Release|Any CPU = Release|Any CPU
	EndGlobalSection
	GlobalSection(SolutionProperties) = preSolution
		HideSolutionNode = FALSE
	EndGlobalSection
	GlobalSection(ProjectConfigurationPlatforms) = postSolution
		{068E76E0-0C85-4195-821D-DC12879C7F66}.Debug|Any CPU.ActiveCfg = Debug|Any CPU
		{068E76E0-0C85-4195-821D-DC12879C7F66}.Debug|Any CPU.Build.0 = Debug|Any CPU
		{068E76E0-0C85-4195-821D-DC12879C7F66}.Release|Any CPU.ActiveCfg = Release|Any CPU
		{068E76E0-0C85-4195-821D-DC12879C7F66}.Release|Any CPU.Build.0 = Release|Any CPU
	EndGlobalSection
	GlobalSection(NestedProjects) = preSolution
		{068E76E0-0C85-4195-821D-DC12879C7F66} = {0C2A087D-BEFF-4A04-A00F-68D07001011E}
	EndGlobalSection
EndGlobal
